
Microsoft Visual Studio Solution File, Format Version 12.00
# Visual Studio Version 17
VisualStudioVersion = 17.6.33815.320
MinimumVisualStudioVersion = 10.0.40219.1
Project("{54A90642-561A-4BB1-A94E-469ADEE60C69}") = "angularapp", "angularapp\angularapp.esproj", "{E94519FE-F218-4DF5-BD88-DCA8E3261135}"
EndProject
Project("{9A19103F-16F7-4668-BE54-9A1E7A4F7556}") = "webapi", "webapi\webapi.csproj", "{E293AF18-E6B1-45A2-96F1-E04661EE4807}"
EndProject
Project("{FAE04EC0-301F-11D3-BF4B-00C04F79EFBC}") = "RomanCalculator", "RomanCalculator\RomanCalculator.csproj", "{E4D736E1-BBF4-4039-9CAE-A605DAAAE670}"
EndProject
Project("{FAE04EC0-301F-11D3-BF4B-00C04F79EFBC}") = "RomanCalculatorTest", "RomanCalculatorTest\RomanCalculatorTest.csproj", "{2182B1CD-CD07-4A84-BE96-58313DB8ECB9}"
EndProject
Global
	GlobalSection(SolutionConfigurationPlatforms) = preSolution
		Debug|Any CPU = Debug|Any CPU
		Release|Any CPU = Release|Any CPU
	EndGlobalSection
	GlobalSection(ProjectConfigurationPlatforms) = postSolution
		{E94519FE-F218-4DF5-BD88-DCA8E3261135}.Debug|Any CPU.ActiveCfg = Debug|Any CPU
		{E94519FE-F218-4DF5-BD88-DCA8E3261135}.Debug|Any CPU.Build.0 = Debug|Any CPU
		{E94519FE-F218-4DF5-BD88-DCA8E3261135}.Debug|Any CPU.Deploy.0 = Debug|Any CPU
		{E94519FE-F218-4DF5-BD88-DCA8E3261135}.Release|Any CPU.ActiveCfg = Release|Any CPU
		{E94519FE-F218-4DF5-BD88-DCA8E3261135}.Release|Any CPU.Build.0 = Release|Any CPU
		{E94519FE-F218-4DF5-BD88-DCA8E3261135}.Release|Any CPU.Deploy.0 = Release|Any CPU
		{E293AF18-E6B1-45A2-96F1-E04661EE4807}.Debug|Any CPU.ActiveCfg = Debug|Any CPU
		{E293AF18-E6B1-45A2-96F1-E04661EE4807}.Debug|Any CPU.Build.0 = Debug|Any CPU
		{E293AF18-E6B1-45A2-96F1-E04661EE4807}.Release|Any CPU.ActiveCfg = Release|Any CPU
		{E293AF18-E6B1-45A2-96F1-E04661EE4807}.Release|Any CPU.Build.0 = Release|Any CPU
		{E4D736E1-BBF4-4039-9CAE-A605DAAAE670}.Debug|Any CPU.ActiveCfg = Debug|Any CPU
		{E4D736E1-BBF4-4039-9CAE-A605DAAAE670}.Debug|Any CPU.Build.0 = Debug|Any CPU
		{E4D736E1-BBF4-4039-9CAE-A605DAAAE670}.Release|Any CPU.ActiveCfg = Release|Any CPU
		{E4D736E1-BBF4-4039-9CAE-A605DAAAE670}.Release|Any CPU.Build.0 = Release|Any CPU
		{2182B1CD-CD07-4A84-BE96-58313DB8ECB9}.Debug|Any CPU.ActiveCfg = Debug|Any CPU
		{2182B1CD-CD07-4A84-BE96-58313DB8ECB9}.Debug|Any CPU.Build.0 = Debug|Any CPU
		{2182B1CD-CD07-4A84-BE96-58313DB8ECB9}.Release|Any CPU.ActiveCfg = Release|Any CPU
		{2182B1CD-CD07-4A84-BE96-58313DB8ECB9}.Release|Any CPU.Build.0 = Release|Any CPU
	EndGlobalSection
	GlobalSection(SolutionProperties) = preSolution
		HideSolutionNode = FALSE
	EndGlobalSection
	GlobalSection(ExtensibilityGlobals) = postSolution
		SolutionGuid = {E6DF49E0-B271-489F-9159-886B6A8BE4D2}
	EndGlobalSection
EndGlobal
